
Microsoft Visual Studio Solution File, Format Version 12.00
# Visual Studio Version 17
VisualStudioVersion = 17.0.31903.59
MinimumVisualStudioVersion = 10.0.40219.1
Project("{FAE04EC0-301F-11D3-BF4B-00C04F79EFBC}") = "ECSPros.Api", "ECSPros.Api\ECSPros.Api.csproj", "{89D48748-DB0C-47D0-9459-64A6FDA5E7F1}"
EndProject
Project("{2150E333-8FDC-42A3-9474-1A3956D46DE8}") = "Shared", "Shared", "{B6E50B67-33BE-4DD4-8850-50E3505E7EFA}"
EndProject
Project("{FAE04EC0-301F-11D3-BF4B-00C04F79EFBC}") = "ECSPros.Shared.Kernel", "Shared\ECSPros.Shared.Kernel\ECSPros.Shared.Kernel.csproj", "{1DC5412B-8F3B-417E-A94B-455CF81B918A}"
EndProject
Project("{FAE04EC0-301F-11D3-BF4B-00C04F79EFBC}") = "ECSPros.Shared.Contracts", "Shared\ECSPros.Shared.Contracts\ECSPros.Shared.Contracts.csproj", "{33B8ED05-BBDE-4AB1-909F-67C4D414C6E1}"
EndProject
Project("{FAE04EC0-301F-11D3-BF4B-00C04F79EFBC}") = "ECSPros.Shared.Infrastructure", "Shared\ECSPros.Shared.Infrastructure\ECSPros.Shared.Infrastructure.csproj", "{7ECCF5F5-920E-428A-A60D-1B7DD8EC5766}"
EndProject
Project("{2150E333-8FDC-42A3-9474-1A3956D46DE8}") = "Modules", "Modules", "{C39F7509-600B-4EB4-BDA6-C661A46633AE}"
EndProject
Project("{2150E333-8FDC-42A3-9474-1A3956D46DE8}") = "Catalog", "Catalog", "{E8A37417-2A6F-445E-A783-9CC4EE99774F}"
EndProject
Project("{FAE04EC0-301F-11D3-BF4B-00C04F79EFBC}") = "ECSPros.Catalog.Domain", "Modules\Catalog\ECSPros.Catalog.Domain\ECSPros.Catalog.Domain.csproj", "{048E85A2-51BC-4B36-A558-BE7C84E2C525}"
EndProject
Project("{FAE04EC0-301F-11D3-BF4B-00C04F79EFBC}") = "ECSPros.Catalog.Infrastructure", "Modules\Catalog\ECSPros.Catalog.Infrastructure\ECSPros.Catalog.Infrastructure.csproj", "{AEDFCA7F-46DB-484A-BB4A-6A81EB15E711}"
EndProject
Project("{FAE04EC0-301F-11D3-BF4B-00C04F79EFBC}") = "ECSPros.Catalog.Application", "Modules\Catalog\ECSPros.Catalog.Application\ECSPros.Catalog.Application.csproj", "{32BE735D-5488-4808-AB36-B002F541213B}"
EndProject
Project("{FAE04EC0-301F-11D3-BF4B-00C04F79EFBC}") = "ECSPros.Catalog.Api", "Modules\Catalog\ECSPros.Catalog.Api\ECSPros.Catalog.Api.csproj", "{A3A3E920-7381-45EA-AD92-AD948D2509A3}"
EndProject
Project("{2150E333-8FDC-42A3-9474-1A3956D46DE8}") = "Iam", "Iam", "{B5281BE4-21C9-42D2-81EE-10F304001DDD}"
EndProject
Project("{FAE04EC0-301F-11D3-BF4B-00C04F79EFBC}") = "ECSPros.Iam.Application", "Modules\Iam\ECSPros.Iam.Application\ECSPros.Iam.Application.csproj", "{42E3A1B3-4BC3-4F02-8D07-B969E04AB072}"
EndProject
Project("{FAE04EC0-301F-11D3-BF4B-00C04F79EFBC}") = "ECSPros.Iam.Infrastructure", "Modules\Iam\ECSPros.Iam.Infrastructure\ECSPros.Iam.Infrastructure.csproj", "{08EEA4F5-10CA-49A4-BD42-F74498012C01}"
EndProject
Project("{FAE04EC0-301F-11D3-BF4B-00C04F79EFBC}") = "ECSPros.Iam.Api", "Modules\Iam\ECSPros.Iam.Api\ECSPros.Iam.Api.csproj", "{65726549-B680-4406-8DE9-99C808B4641D}"
EndProject
Project("{FAE04EC0-301F-11D3-BF4B-00C04F79EFBC}") = "ECSPros.Iam.Domain", "Modules\Iam\ECSPros.Iam.Domain\ECSPros.Iam.Domain.csproj", "{5E9F3A07-02D1-481F-8BAD-FF52E014D651}"
EndProject
Project("{2150E333-8FDC-42A3-9474-1A3956D46DE8}") = "Crm", "Crm", "{4E6C1A1F-0837-41B4-A02B-C0C40A6D1024}"
EndProject
Project("{FAE04EC0-301F-11D3-BF4B-00C04F79EFBC}") = "ECSPros.Crm.Infrastructure", "Modules\Crm\ECSPros.Crm.Infrastructure\ECSPros.Crm.Infrastructure.csproj", "{BBB54C9A-4A25-4C85-8135-0B76E0FAEE14}"
EndProject
Project("{FAE04EC0-301F-11D3-BF4B-00C04F79EFBC}") = "ECSPros.Crm.Domain", "Modules\Crm\ECSPros.Crm.Domain\ECSPros.Crm.Domain.csproj", "{065623E2-C2A3-476C-9555-E5EB7935E202}"
EndProject
Project("{FAE04EC0-301F-11D3-BF4B-00C04F79EFBC}") = "ECSPros.Crm.Api", "Modules\Crm\ECSPros.Crm.Api\ECSPros.Crm.Api.csproj", "{926A9452-2BA8-416C-B67D-19141CB24632}"
EndProject
Project("{FAE04EC0-301F-11D3-BF4B-00C04F79EFBC}") = "ECSPros.Crm.Application", "Modules\Crm\ECSPros.Crm.Application\ECSPros.Crm.Application.csproj", "{0A84D080-1821-45ED-AAF8-66AF1AB66AC2}"
EndProject
Project("{2150E333-8FDC-42A3-9474-1A3956D46DE8}") = "Promotion", "Promotion", "{64C47930-7854-41FD-BEC3-BE0143C24327}"
EndProject
Project("{FAE04EC0-301F-11D3-BF4B-00C04F79EFBC}") = "ECSPros.Promotion.Infrastructure", "Modules\Promotion\ECSPros.Promotion.Infrastructure\ECSPros.Promotion.Infrastructure.csproj", "{E2C577F8-1A3C-43AF-A070-86ACC84EF78E}"
EndProject
Project("{FAE04EC0-301F-11D3-BF4B-00C04F79EFBC}") = "ECSPros.Promotion.Application", "Modules\Promotion\ECSPros.Promotion.Application\ECSPros.Promotion.Application.csproj", "{986686BB-AE56-4485-A5E3-65ED82490C22}"
EndProject
Project("{FAE04EC0-301F-11D3-BF4B-00C04F79EFBC}") = "ECSPros.Promotion.Domain", "Modules\Promotion\ECSPros.Promotion.Domain\ECSPros.Promotion.Domain.csproj", "{1B1CFAC0-3E78-4F8A-B27D-F0245E2C6521}"
EndProject
Project("{FAE04EC0-301F-11D3-BF4B-00C04F79EFBC}") = "ECSPros.Promotion.Api", "Modules\Promotion\ECSPros.Promotion.Api\ECSPros.Promotion.Api.csproj", "{81A80005-16FA-4D86-A847-076FDB9665DC}"
EndProject
Project("{2150E333-8FDC-42A3-9474-1A3956D46DE8}") = "Inventory", "Inventory", "{35EB7BB7-EF01-4AD6-8255-0D46BDE65FE6}"
EndProject
Project("{FAE04EC0-301F-11D3-BF4B-00C04F79EFBC}") = "ECSPros.Inventory.Application", "Modules\Inventory\ECSPros.Inventory.Application\ECSPros.Inventory.Application.csproj", "{F256AA11-CAC1-4181-B91E-B7DA0B1113C1}"
EndProject
Project("{FAE04EC0-301F-11D3-BF4B-00C04F79EFBC}") = "ECSPros.Inventory.Infrastructure", "Modules\Inventory\ECSPros.Inventory.Infrastructure\ECSPros.Inventory.Infrastructure.csproj", "{C0945E9A-E797-48C2-B999-85E412DE86C1}"
EndProject
Project("{FAE04EC0-301F-11D3-BF4B-00C04F79EFBC}") = "ECSPros.Inventory.Domain", "Modules\Inventory\ECSPros.Inventory.Domain\ECSPros.Inventory.Domain.csproj", "{5BF69C92-32C9-4528-AFD4-7AB12D533948}"
EndProject
Project("{FAE04EC0-301F-11D3-BF4B-00C04F79EFBC}") = "ECSPros.Inventory.Api", "Modules\Inventory\ECSPros.Inventory.Api\ECSPros.Inventory.Api.csproj", "{F50C4D0A-FC26-477C-A13F-7D2BB13E98F7}"
EndProject
Project("{2150E333-8FDC-42A3-9474-1A3956D46DE8}") = "Finance", "Finance", "{B51FEF24-3611-4D20-93FC-31D65783C46B}"
EndProject
Project("{FAE04EC0-301F-11D3-BF4B-00C04F79EFBC}") = "ECSPros.Finance.Api", "Modules\Finance\ECSPros.Finance.Api\ECSPros.Finance.Api.csproj", "{50B795E3-7E0F-4314-9A4B-C2878BE9845E}"
EndProject
Project("{FAE04EC0-301F-11D3-BF4B-00C04F79EFBC}") = "ECSPros.Finance.Domain", "Modules\Finance\ECSPros.Finance.Domain\ECSPros.Finance.Domain.csproj", "{988EDF9A-CD42-4F22-9018-1E2FC8FFE7D2}"
EndProject
Project("{FAE04EC0-301F-11D3-BF4B-00C04F79EFBC}") = "ECSPros.Finance.Application", "Modules\Finance\ECSPros.Finance.Application\ECSPros.Finance.Application.csproj", "{EA65552B-FF78-4632-A450-78452BD88F82}"
EndProject
Project("{FAE04EC0-301F-11D3-BF4B-00C04F79EFBC}") = "ECSPros.Finance.Infrastructure", "Modules\Finance\ECSPros.Finance.Infrastructure\ECSPros.Finance.Infrastructure.csproj", "{F39BF4F2-0A31-4C20-90B8-AC6EE8A32B9C}"
EndProject
Project("{2150E333-8FDC-42A3-9474-1A3956D46DE8}") = "Fulfillment", "Fulfillment", "{5E4CCE53-663B-4659-8D59-B625E00D9284}"
EndProject
Project("{FAE04EC0-301F-11D3-BF4B-00C04F79EFBC}") = "ECSPros.Fulfillment.Api", "Modules\Fulfillment\ECSPros.Fulfillment.Api\ECSPros.Fulfillment.Api.csproj", "{68FA086A-B8B7-4033-8A56-4BAC1176C57B}"
EndProject
Project("{FAE04EC0-301F-11D3-BF4B-00C04F79EFBC}") = "ECSPros.Fulfillment.Application", "Modules\Fulfillment\ECSPros.Fulfillment.Application\ECSPros.Fulfillment.Application.csproj", "{737EC10D-FC4E-4B0C-8A3D-D902084857B6}"
EndProject
Project("{FAE04EC0-301F-11D3-BF4B-00C04F79EFBC}") = "ECSPros.Fulfillment.Infrastructure", "Modules\Fulfillment\ECSPros.Fulfillment.Infrastructure\ECSPros.Fulfillment.Infrastructure.csproj", "{A31D664C-C7DC-417C-B84B-BE843EC03FAE}"
EndProject
Project("{FAE04EC0-301F-11D3-BF4B-00C04F79EFBC}") = "ECSPros.Fulfillment.Domain", "Modules\Fulfillment\ECSPros.Fulfillment.Domain\ECSPros.Fulfillment.Domain.csproj", "{91045424-DB85-47C9-89FA-FD233DD0FC9F}"
EndProject
Project("{2150E333-8FDC-42A3-9474-1A3956D46DE8}") = "Integration", "Integration", "{5D98A0E2-6D93-47BB-AF9F-477FC124C8D3}"
EndProject
Project("{FAE04EC0-301F-11D3-BF4B-00C04F79EFBC}") = "ECSPros.Integration.Application", "Modules\Integration\ECSPros.Integration.Application\ECSPros.Integration.Application.csproj", "{9CCB6228-BB97-4B26-A576-FF3897E2087C}"
EndProject
Project("{FAE04EC0-301F-11D3-BF4B-00C04F79EFBC}") = "ECSPros.Integration.Domain", "Modules\Integration\ECSPros.Integration.Domain\ECSPros.Integration.Domain.csproj", "{D7FAE2ED-5C83-4C5F-A5E8-FC817F873285}"
EndProject
Project("{FAE04EC0-301F-11D3-BF4B-00C04F79EFBC}") = "ECSPros.Integration.Infrastructure", "Modules\Integration\ECSPros.Integration.Infrastructure\ECSPros.Integration.Infrastructure.csproj", "{48568E13-0E9D-44E8-982B-71D44B0B4449}"
EndProject
Project("{FAE04EC0-301F-11D3-BF4B-00C04F79EFBC}") = "ECSPros.Integration.Api", "Modules\Integration\ECSPros.Integration.Api\ECSPros.Integration.Api.csproj", "{ACFA2447-5B55-464E-B5A1-F1CA51807C44}"
EndProject
Project("{2150E333-8FDC-42A3-9474-1A3956D46DE8}") = "Cms", "Cms", "{A95D47B8-5155-400D-A062-F7E21D4941AC}"
EndProject
Project("{FAE04EC0-301F-11D3-BF4B-00C04F79EFBC}") = "ECSPros.Cms.Domain", "Modules\Cms\ECSPros.Cms.Domain\ECSPros.Cms.Domain.csproj", "{C2A05A12-BE3E-4A21-B7BA-FDB0912EA323}"
EndProject
Project("{FAE04EC0-301F-11D3-BF4B-00C04F79EFBC}") = "ECSPros.Cms.Api", "Modules\Cms\ECSPros.Cms.Api\ECSPros.Cms.Api.csproj", "{2A8A42AD-58E7-4D5E-B6C1-5246E24C2E5C}"
EndProject
Project("{FAE04EC0-301F-11D3-BF4B-00C04F79EFBC}") = "ECSPros.Cms.Infrastructure", "Modules\Cms\ECSPros.Cms.Infrastructure\ECSPros.Cms.Infrastructure.csproj", "{B78F98F1-47F4-4A56-BBFB-90B6A0EAFB4E}"
EndProject
Project("{FAE04EC0-301F-11D3-BF4B-00C04F79EFBC}") = "ECSPros.Cms.Application", "Modules\Cms\ECSPros.Cms.Application\ECSPros.Cms.Application.csproj", "{F9984917-613C-4F02-9F0A-AC106E5B901F}"
EndProject
Project("{2150E333-8FDC-42A3-9474-1A3956D46DE8}") = "Order", "Order", "{B12F58F1-4547-43B1-B6CF-C1280FD8A272}"
EndProject
Project("{FAE04EC0-301F-11D3-BF4B-00C04F79EFBC}") = "ECSPros.Order.Infrastructure", "Modules\Order\ECSPros.Order.Infrastructure\ECSPros.Order.Infrastructure.csproj", "{8DECCAEB-B24F-40BC-B07F-A92B9DB1AB4A}"
EndProject
Project("{FAE04EC0-301F-11D3-BF4B-00C04F79EFBC}") = "ECSPros.Order.Domain", "Modules\Order\ECSPros.Order.Domain\ECSPros.Order.Domain.csproj", "{19EC4260-EFD8-4EB9-A721-2ED58B66A390}"
EndProject
Project("{FAE04EC0-301F-11D3-BF4B-00C04F79EFBC}") = "ECSPros.Order.Api", "Modules\Order\ECSPros.Order.Api\ECSPros.Order.Api.csproj", "{5B648DE6-3C82-492D-9217-10F543F364C7}"
EndProject
Project("{FAE04EC0-301F-11D3-BF4B-00C04F79EFBC}") = "ECSPros.Order.Application", "Modules\Order\ECSPros.Order.Application\ECSPros.Order.Application.csproj", "{5DF41B9E-CFDB-442C-9A84-091F66A0F3DD}"
EndProject
Project("{2150E333-8FDC-42A3-9474-1A3956D46DE8}") = "Core", "Core", "{D76849AA-4533-4451-81E9-31D738D9822F}"
EndProject
Project("{FAE04EC0-301F-11D3-BF4B-00C04F79EFBC}") = "ECSPros.Core.Domain", "Modules\Core\ECSPros.Core.Domain\ECSPros.Core.Domain.csproj", "{D963FF3E-A2FD-447D-B823-D6309BFA2AAC}"
EndProject
Project("{FAE04EC0-301F-11D3-BF4B-00C04F79EFBC}") = "ECSPros.Core.Api", "Modules\Core\ECSPros.Core.Api\ECSPros.Core.Api.csproj", "{5C942C30-71AA-4F69-9571-2266E62C77A3}"
EndProject
Project("{FAE04EC0-301F-11D3-BF4B-00C04F79EFBC}") = "ECSPros.Core.Application", "Modules\Core\ECSPros.Core.Application\ECSPros.Core.Application.csproj", "{3A37D1F4-C2F8-4C23-A271-0ED04B2B9B0A}"
EndProject
Project("{FAE04EC0-301F-11D3-BF4B-00C04F79EFBC}") = "ECSPros.Core.Infrastructure", "Modules\Core\ECSPros.Core.Infrastructure\ECSPros.Core.Infrastructure.csproj", "{44735765-B819-47AF-BC83-52A6D35D54C1}"
EndProject
Project("{2150E333-8FDC-42A3-9474-1A3956D46DE8}") = "Pos", "Pos", "{EC3FFBBD-E08C-4A2F-AEA1-C3672881DF46}"
EndProject
Project("{FAE04EC0-301F-11D3-BF4B-00C04F79EFBC}") = "ECSPros.Pos.Domain", "Modules\Pos\ECSPros.Pos.Domain\ECSPros.Pos.Domain.csproj", "{E12A4866-71EA-48B5-A939-0C643FB9FC23}"
EndProject
Project("{FAE04EC0-301F-11D3-BF4B-00C04F79EFBC}") = "ECSPros.Pos.Application", "Modules\Pos\ECSPros.Pos.Application\ECSPros.Pos.Application.csproj", "{FAF0DD02-BFB2-4208-AC24-7E27A4C78143}"
EndProject
Project("{FAE04EC0-301F-11D3-BF4B-00C04F79EFBC}") = "ECSPros.Pos.Infrastructure", "Modules\Pos\ECSPros.Pos.Infrastructure\ECSPros.Pos.Infrastructure.csproj", "{F7FD5CF0-7A11-4DC6-BAA5-CE2B4096EE90}"
EndProject
Project("{FAE04EC0-301F-11D3-BF4B-00C04F79EFBC}") = "ECSPros.Pos.Api", "Modules\Pos\ECSPros.Pos.Api\ECSPros.Pos.Api.csproj", "{92369C68-D03C-41D7-B1E0-42258E5C9578}"
EndProject
Global
	GlobalSection(SolutionConfigurationPlatforms) = preSolution
		Debug|Any CPU = Debug|Any CPU
		Release|Any CPU = Release|Any CPU
	EndGlobalSection
	GlobalSection(SolutionProperties) = preSolution
		HideSolutionNode = FALSE
	EndGlobalSection
	GlobalSection(ProjectConfigurationPlatforms) = postSolution
		{89D48748-DB0C-47D0-9459-64A6FDA5E7F1}.Debug|Any CPU.ActiveCfg = Debug|Any CPU
		{89D48748-DB0C-47D0-9459-64A6FDA5E7F1}.Debug|Any CPU.Build.0 = Debug|Any CPU
		{89D48748-DB0C-47D0-9459-64A6FDA5E7F1}.Release|Any CPU.ActiveCfg = Release|Any CPU
		{89D48748-DB0C-47D0-9459-64A6FDA5E7F1}.Release|Any CPU.Build.0 = Release|Any CPU
		{1DC5412B-8F3B-417E-A94B-455CF81B918A}.Debug|Any CPU.ActiveCfg = Debug|Any CPU
		{1DC5412B-8F3B-417E-A94B-455CF81B918A}.Debug|Any CPU.Build.0 = Debug|Any CPU
		{1DC5412B-8F3B-417E-A94B-455CF81B918A}.Release|Any CPU.ActiveCfg = Release|Any CPU
		{1DC5412B-8F3B-417E-A94B-455CF81B918A}.Release|Any CPU.Build.0 = Release|Any CPU
		{33B8ED05-BBDE-4AB1-909F-67C4D414C6E1}.Debug|Any CPU.ActiveCfg = Debug|Any CPU
		{33B8ED05-BBDE-4AB1-909F-67C4D414C6E1}.Debug|Any CPU.Build.0 = Debug|Any CPU
		{33B8ED05-BBDE-4AB1-909F-67C4D414C6E1}.Release|Any CPU.ActiveCfg = Release|Any CPU
		{33B8ED05-BBDE-4AB1-909F-67C4D414C6E1}.Release|Any CPU.Build.0 = Release|Any CPU
		{7ECCF5F5-920E-428A-A60D-1B7DD8EC5766}.Debug|Any CPU.ActiveCfg = Debug|Any CPU
		{7ECCF5F5-920E-428A-A60D-1B7DD8EC5766}.Debug|Any CPU.Build.0 = Debug|Any CPU
		{7ECCF5F5-920E-428A-A60D-1B7DD8EC5766}.Release|Any CPU.ActiveCfg = Release|Any CPU
		{7ECCF5F5-920E-428A-A60D-1B7DD8EC5766}.Release|Any CPU.Build.0 = Release|Any CPU
		{048E85A2-51BC-4B36-A558-BE7C84E2C525}.Debug|Any CPU.ActiveCfg = Debug|Any CPU
		{048E85A2-51BC-4B36-A558-BE7C84E2C525}.Debug|Any CPU.Build.0 = Debug|Any CPU
		{048E85A2-51BC-4B36-A558-BE7C84E2C525}.Release|Any CPU.ActiveCfg = Release|Any CPU
		{048E85A2-51BC-4B36-A558-BE7C84E2C525}.Release|Any CPU.Build.0 = Release|Any CPU
		{AEDFCA7F-46DB-484A-BB4A-6A81EB15E711}.Debug|Any CPU.ActiveCfg = Debug|Any CPU
		{AEDFCA7F-46DB-484A-BB4A-6A81EB15E711}.Debug|Any CPU.Build.0 = Debug|Any CPU
		{AEDFCA7F-46DB-484A-BB4A-6A81EB15E711}.Release|Any CPU.ActiveCfg = Release|Any CPU
		{AEDFCA7F-46DB-484A-BB4A-6A81EB15E711}.Release|Any CPU.Build.0 = Release|Any CPU
		{32BE735D-5488-4808-AB36-B002F541213B}.Debug|Any CPU.ActiveCfg = Debug|Any CPU
		{32BE735D-5488-4808-AB36-B002F541213B}.Debug|Any CPU.Build.0 = Debug|Any CPU
		{32BE735D-5488-4808-AB36-B002F541213B}.Release|Any CPU.ActiveCfg = Release|Any CPU
		{32BE735D-5488-4808-AB36-B002F541213B}.Release|Any CPU.Build.0 = Release|Any CPU
		{A3A3E920-7381-45EA-AD92-AD948D2509A3}.Debug|Any CPU.ActiveCfg = Debug|Any CPU
		{A3A3E920-7381-45EA-AD92-AD948D2509A3}.Debug|Any CPU.Build.0 = Debug|Any CPU
		{A3A3E920-7381-45EA-AD92-AD948D2509A3}.Release|Any CPU.ActiveCfg = Release|Any CPU
		{A3A3E920-7381-45EA-AD92-AD948D2509A3}.Release|Any CPU.Build.0 = Release|Any CPU
		{42E3A1B3-4BC3-4F02-8D07-B969E04AB072}.Debug|Any CPU.ActiveCfg = Debug|Any CPU
		{42E3A1B3-4BC3-4F02-8D07-B969E04AB072}.Debug|Any CPU.Build.0 = Debug|Any CPU
		{42E3A1B3-4BC3-4F02-8D07-B969E04AB072}.Release|Any CPU.ActiveCfg = Release|Any CPU
		{42E3A1B3-4BC3-4F02-8D07-B969E04AB072}.Release|Any CPU.Build.0 = Release|Any CPU
		{08EEA4F5-10CA-49A4-BD42-F74498012C01}.Debug|Any CPU.ActiveCfg = Debug|Any CPU
		{08EEA4F5-10CA-49A4-BD42-F74498012C01}.Debug|Any CPU.Build.0 = Debug|Any CPU
		{08EEA4F5-10CA-49A4-BD42-F74498012C01}.Release|Any CPU.ActiveCfg = Release|Any CPU
		{08EEA4F5-10CA-49A4-BD42-F74498012C01}.Release|Any CPU.Build.0 = Release|Any CPU
		{65726549-B680-4406-8DE9-99C808B4641D}.Debug|Any CPU.ActiveCfg = Debug|Any CPU
		{65726549-B680-4406-8DE9-99C808B4641D}.Debug|Any CPU.Build.0 = Debug|Any CPU
		{65726549-B680-4406-8DE9-99C808B4641D}.Release|Any CPU.ActiveCfg = Release|Any CPU
		{65726549-B680-4406-8DE9-99C808B4641D}.Release|Any CPU.Build.0 = Release|Any CPU
		{5E9F3A07-02D1-481F-8BAD-FF52E014D651}.Debug|Any CPU.ActiveCfg = Debug|Any CPU
		{5E9F3A07-02D1-481F-8BAD-FF52E014D651}.Debug|Any CPU.Build.0 = Debug|Any CPU
		{5E9F3A07-02D1-481F-8BAD-FF52E014D651}.Release|Any CPU.ActiveCfg = Release|Any CPU
		{5E9F3A07-02D1-481F-8BAD-FF52E014D651}.Release|Any CPU.Build.0 = Release|Any CPU
		{BBB54C9A-4A25-4C85-8135-0B76E0FAEE14}.Debug|Any CPU.ActiveCfg = Debug|Any CPU
		{BBB54C9A-4A25-4C85-8135-0B76E0FAEE14}.Debug|Any CPU.Build.0 = Debug|Any CPU
		{BBB54C9A-4A25-4C85-8135-0B76E0FAEE14}.Release|Any CPU.ActiveCfg = Release|Any CPU
		{BBB54C9A-4A25-4C85-8135-0B76E0FAEE14}.Release|Any CPU.Build.0 = Release|Any CPU
		{065623E2-C2A3-476C-9555-E5EB7935E202}.Debug|Any CPU.ActiveCfg = Debug|Any CPU
		{065623E2-C2A3-476C-9555-E5EB7935E202}.Debug|Any CPU.Build.0 = Debug|Any CPU
		{065623E2-C2A3-476C-9555-E5EB7935E202}.Release|Any CPU.ActiveCfg = Release|Any CPU
		{065623E2-C2A3-476C-9555-E5EB7935E202}.Release|Any CPU.Build.0 = Release|Any CPU
		{926A9452-2BA8-416C-B67D-19141CB24632}.Debug|Any CPU.ActiveCfg = Debug|Any CPU
		{926A9452-2BA8-416C-B67D-19141CB24632}.Debug|Any CPU.Build.0 = Debug|Any CPU
		{926A9452-2BA8-416C-B67D-19141CB24632}.Release|Any CPU.ActiveCfg = Release|Any CPU
		{926A9452-2BA8-416C-B67D-19141CB24632}.Release|Any CPU.Build.0 = Release|Any CPU
		{0A84D080-1821-45ED-AAF8-66AF1AB66AC2}.Debug|Any CPU.ActiveCfg = Debug|Any CPU
		{0A84D080-1821-45ED-AAF8-66AF1AB66AC2}.Debug|Any CPU.Build.0 = Debug|Any CPU
		{0A84D080-1821-45ED-AAF8-66AF1AB66AC2}.Release|Any CPU.ActiveCfg = Release|Any CPU
		{0A84D080-1821-45ED-AAF8-66AF1AB66AC2}.Release|Any CPU.Build.0 = Release|Any CPU
		{E2C577F8-1A3C-43AF-A070-86ACC84EF78E}.Debug|Any CPU.ActiveCfg = Debug|Any CPU
		{E2C577F8-1A3C-43AF-A070-86ACC84EF78E}.Debug|Any CPU.Build.0 = Debug|Any CPU
		{E2C577F8-1A3C-43AF-A070-86ACC84EF78E}.Release|Any CPU.ActiveCfg = Release|Any CPU
		{E2C577F8-1A3C-43AF-A070-86ACC84EF78E}.Release|Any CPU.Build.0 = Release|Any CPU
		{986686BB-AE56-4485-A5E3-65ED82490C22}.Debug|Any CPU.ActiveCfg = Debug|Any CPU
		{986686BB-AE56-4485-A5E3-65ED82490C22}.Debug|Any CPU.Build.0 = Debug|Any CPU
		{986686BB-AE56-4485-A5E3-65ED82490C22}.Release|Any CPU.ActiveCfg = Release|Any CPU
		{986686BB-AE56-4485-A5E3-65ED82490C22}.Release|Any CPU.Build.0 = Release|Any CPU
		{1B1CFAC0-3E78-4F8A-B27D-F0245E2C6521}.Debug|Any CPU.ActiveCfg = Debug|Any CPU
		{1B1CFAC0-3E78-4F8A-B27D-F0245E2C6521}.Debug|Any CPU.Build.0 = Debug|Any CPU
		{1B1CFAC0-3E78-4F8A-B27D-F0245E2C6521}.Release|Any CPU.ActiveCfg = Release|Any CPU
		{1B1CFAC0-3E78-4F8A-B27D-F0245E2C6521}.Release|Any CPU.Build.0 = Release|Any CPU
		{81A80005-16FA-4D86-A847-076FDB9665DC}.Debug|Any CPU.ActiveCfg = Debug|Any CPU
		{81A80005-16FA-4D86-A847-076FDB9665DC}.Debug|Any CPU.Build.0 = Debug|Any CPU
		{81A80005-16FA-4D86-A847-076FDB9665DC}.Release|Any CPU.ActiveCfg = Release|Any CPU
		{81A80005-16FA-4D86-A847-076FDB9665DC}.Release|Any CPU.Build.0 = Release|Any CPU
		{F256AA11-CAC1-4181-B91E-B7DA0B1113C1}.Debug|Any CPU.ActiveCfg = Debug|Any CPU
		{F256AA11-CAC1-4181-B91E-B7DA0B1113C1}.Debug|Any CPU.Build.0 = Debug|Any CPU
		{F256AA11-CAC1-4181-B91E-B7DA0B1113C1}.Release|Any CPU.ActiveCfg = Release|Any CPU
		{F256AA11-CAC1-4181-B91E-B7DA0B1113C1}.Release|Any CPU.Build.0 = Release|Any CPU
		{C0945E9A-E797-48C2-B999-85E412DE86C1}.Debug|Any CPU.ActiveCfg = Debug|Any CPU
		{C0945E9A-E797-48C2-B999-85E412DE86C1}.Debug|Any CPU.Build.0 = Debug|Any CPU
		{C0945E9A-E797-48C2-B999-85E412DE86C1}.Release|Any CPU.ActiveCfg = Release|Any CPU
		{C0945E9A-E797-48C2-B999-85E412DE86C1}.Release|Any CPU.Build.0 = Release|Any CPU
		{5BF69C92-32C9-4528-AFD4-7AB12D533948}.Debug|Any CPU.ActiveCfg = Debug|Any CPU
		{5BF69C92-32C9-4528-AFD4-7AB12D533948}.Debug|Any CPU.Build.0 = Debug|Any CPU
		{5BF69C92-32C9-4528-AFD4-7AB12D533948}.Release|Any CPU.ActiveCfg = Release|Any CPU
		{5BF69C92-32C9-4528-AFD4-7AB12D533948}.Release|Any CPU.Build.0 = Release|Any CPU
		{F50C4D0A-FC26-477C-A13F-7D2BB13E98F7}.Debug|Any CPU.ActiveCfg = Debug|Any CPU
		{F50C4D0A-FC26-477C-A13F-7D2BB13E98F7}.Debug|Any CPU.Build.0 = Debug|Any CPU
		{F50C4D0A-FC26-477C-A13F-7D2BB13E98F7}.Release|Any CPU.ActiveCfg = Release|Any CPU
		{F50C4D0A-FC26-477C-A13F-7D2BB13E98F7}.Release|Any CPU.Build.0 = Release|Any CPU
		{50B795E3-7E0F-4314-9A4B-C2878BE9845E}.Debug|Any CPU.ActiveCfg = Debug|Any CPU
		{50B795E3-7E0F-4314-9A4B-C2878BE9845E}.Debug|Any CPU.Build.0 = Debug|Any CPU
		{50B795E3-7E0F-4314-9A4B-C2878BE9845E}.Release|Any CPU.ActiveCfg = Release|Any CPU
		{50B795E3-7E0F-4314-9A4B-C2878BE9845E}.Release|Any CPU.Build.0 = Release|Any CPU
		{988EDF9A-CD42-4F22-9018-1E2FC8FFE7D2}.Debug|Any CPU.ActiveCfg = Debug|Any CPU
		{988EDF9A-CD42-4F22-9018-1E2FC8FFE7D2}.Debug|Any CPU.Build.0 = Debug|Any CPU
		{988EDF9A-CD42-4F22-9018-1E2FC8FFE7D2}.Release|Any CPU.ActiveCfg = Release|Any CPU
		{988EDF9A-CD42-4F22-9018-1E2FC8FFE7D2}.Release|Any CPU.Build.0 = Release|Any CPU
		{EA65552B-FF78-4632-A450-78452BD88F82}.Debug|Any CPU.ActiveCfg = Debug|Any CPU
		{EA65552B-FF78-4632-A450-78452BD88F82}.Debug|Any CPU.Build.0 = Debug|Any CPU
		{EA65552B-FF78-4632-A450-78452BD88F82}.Release|Any CPU.ActiveCfg = Release|Any CPU
		{EA65552B-FF78-4632-A450-78452BD88F82}.Release|Any CPU.Build.0 = Release|Any CPU
		{F39BF4F2-0A31-4C20-90B8-AC6EE8A32B9C}.Debug|Any CPU.ActiveCfg = Debug|Any CPU
		{F39BF4F2-0A31-4C20-90B8-AC6EE8A32B9C}.Debug|Any CPU.Build.0 = Debug|Any CPU
		{F39BF4F2-0A31-4C20-90B8-AC6EE8A32B9C}.Release|Any CPU.ActiveCfg = Release|Any CPU
		{F39BF4F2-0A31-4C20-90B8-AC6EE8A32B9C}.Release|Any CPU.Build.0 = Release|Any CPU
		{68FA086A-B8B7-4033-8A56-4BAC1176C57B}.Debug|Any CPU.ActiveCfg = Debug|Any CPU
		{68FA086A-B8B7-4033-8A56-4BAC1176C57B}.Debug|Any CPU.Build.0 = Debug|Any CPU
		{68FA086A-B8B7-4033-8A56-4BAC1176C57B}.Release|Any CPU.ActiveCfg = Release|Any CPU
		{68FA086A-B8B7-4033-8A56-4BAC1176C57B}.Release|Any CPU.Build.0 = Release|Any CPU
		{737EC10D-FC4E-4B0C-8A3D-D902084857B6}.Debug|Any CPU.ActiveCfg = Debug|Any CPU
		{737EC10D-FC4E-4B0C-8A3D-D902084857B6}.Debug|Any CPU.Build.0 = Debug|Any CPU
		{737EC10D-FC4E-4B0C-8A3D-D902084857B6}.Release|Any CPU.ActiveCfg = Release|Any CPU
		{737EC10D-FC4E-4B0C-8A3D-D902084857B6}.Release|Any CPU.Build.0 = Release|Any CPU
		{A31D664C-C7DC-417C-B84B-BE843EC03FAE}.Debug|Any CPU.ActiveCfg = Debug|Any CPU
		{A31D664C-C7DC-417C-B84B-BE843EC03FAE}.Debug|Any CPU.Build.0 = Debug|Any CPU
		{A31D664C-C7DC-417C-B84B-BE843EC03FAE}.Release|Any CPU.ActiveCfg = Release|Any CPU
		{A31D664C-C7DC-417C-B84B-BE843EC03FAE}.Release|Any CPU.Build.0 = Release|Any CPU
		{91045424-DB85-47C9-89FA-FD233DD0FC9F}.Debug|Any CPU.ActiveCfg = Debug|Any CPU
		{91045424-DB85-47C9-89FA-FD233DD0FC9F}.Debug|Any CPU.Build.0 = Debug|Any CPU
		{91045424-DB85-47C9-89FA-FD233DD0FC9F}.Release|Any CPU.ActiveCfg = Release|Any CPU
		{91045424-DB85-47C9-89FA-FD233DD0FC9F}.Release|Any CPU.Build.0 = Release|Any CPU
		{9CCB6228-BB97-4B26-A576-FF3897E2087C}.Debug|Any CPU.ActiveCfg = Debug|Any CPU
		{9CCB6228-BB97-4B26-A576-FF3897E2087C}.Debug|Any CPU.Build.0 = Debug|Any CPU
		{9CCB6228-BB97-4B26-A576-FF3897E2087C}.Release|Any CPU.ActiveCfg = Release|Any CPU
		{9CCB6228-BB97-4B26-A576-FF3897E2087C}.Release|Any CPU.Build.0 = Release|Any CPU
		{D7FAE2ED-5C83-4C5F-A5E8-FC817F873285}.Debug|Any CPU.ActiveCfg = Debug|Any CPU
		{D7FAE2ED-5C83-4C5F-A5E8-FC817F873285}.Debug|Any CPU.Build.0 = Debug|Any CPU
		{D7FAE2ED-5C83-4C5F-A5E8-FC817F873285}.Release|Any CPU.ActiveCfg = Release|Any CPU
		{D7FAE2ED-5C83-4C5F-A5E8-FC817F873285}.Release|Any CPU.Build.0 = Release|Any CPU
		{48568E13-0E9D-44E8-982B-71D44B0B4449}.Debug|Any CPU.ActiveCfg = Debug|Any CPU
		{48568E13-0E9D-44E8-982B-71D44B0B4449}.Debug|Any CPU.Build.0 = Debug|Any CPU
		{48568E13-0E9D-44E8-982B-71D44B0B4449}.Release|Any CPU.ActiveCfg = Release|Any CPU
		{48568E13-0E9D-44E8-982B-71D44B0B4449}.Release|Any CPU.Build.0 = Release|Any CPU
		{ACFA2447-5B55-464E-B5A1-F1CA51807C44}.Debug|Any CPU.ActiveCfg = Debug|Any CPU
		{ACFA2447-5B55-464E-B5A1-F1CA51807C44}.Debug|Any CPU.Build.0 = Debug|Any CPU
		{ACFA2447-5B55-464E-B5A1-F1CA51807C44}.Release|Any CPU.ActiveCfg = Release|Any CPU
		{ACFA2447-5B55-464E-B5A1-F1CA51807C44}.Release|Any CPU.Build.0 = Release|Any CPU
		{C2A05A12-BE3E-4A21-B7BA-FDB0912EA323}.Debug|Any CPU.ActiveCfg = Debug|Any CPU
		{C2A05A12-BE3E-4A21-B7BA-FDB0912EA323}.Debug|Any CPU.Build.0 = Debug|Any CPU
		{C2A05A12-BE3E-4A21-B7BA-FDB0912EA323}.Release|Any CPU.ActiveCfg = Release|Any CPU
		{C2A05A12-BE3E-4A21-B7BA-FDB0912EA323}.Release|Any CPU.Build.0 = Release|Any CPU
		{2A8A42AD-58E7-4D5E-B6C1-5246E24C2E5C}.Debug|Any CPU.ActiveCfg = Debug|Any CPU
		{2A8A42AD-58E7-4D5E-B6C1-5246E24C2E5C}.Debug|Any CPU.Build.0 = Debug|Any CPU
		{2A8A42AD-58E7-4D5E-B6C1-5246E24C2E5C}.Release|Any CPU.ActiveCfg = Release|Any CPU
		{2A8A42AD-58E7-4D5E-B6C1-5246E24C2E5C}.Release|Any CPU.Build.0 = Release|Any CPU
		{B78F98F1-47F4-4A56-BBFB-90B6A0EAFB4E}.Debug|Any CPU.ActiveCfg = Debug|Any CPU
		{B78F98F1-47F4-4A56-BBFB-90B6A0EAFB4E}.Debug|Any CPU.Build.0 = Debug|Any CPU
		{B78F98F1-47F4-4A56-BBFB-90B6A0EAFB4E}.Release|Any CPU.ActiveCfg = Release|Any CPU
		{B78F98F1-47F4-4A56-BBFB-90B6A0EAFB4E}.Release|Any CPU.Build.0 = Release|Any CPU
		{F9984917-613C-4F02-9F0A-AC106E5B901F}.Debug|Any CPU.ActiveCfg = Debug|Any CPU
		{F9984917-613C-4F02-9F0A-AC106E5B901F}.Debug|Any CPU.Build.0 = Debug|Any CPU
		{F9984917-613C-4F02-9F0A-AC106E5B901F}.Release|Any CPU.ActiveCfg = Release|Any CPU
		{F9984917-613C-4F02-9F0A-AC106E5B901F}.Release|Any CPU.Build.0 = Release|Any CPU
		{8DECCAEB-B24F-40BC-B07F-A92B9DB1AB4A}.Debug|Any CPU.ActiveCfg = Debug|Any CPU
		{8DECCAEB-B24F-40BC-B07F-A92B9DB1AB4A}.Debug|Any CPU.Build.0 = Debug|Any CPU
		{8DECCAEB-B24F-40BC-B07F-A92B9DB1AB4A}.Release|Any CPU.ActiveCfg = Release|Any CPU
		{8DECCAEB-B24F-40BC-B07F-A92B9DB1AB4A}.Release|Any CPU.Build.0 = Release|Any CPU
		{19EC4260-EFD8-4EB9-A721-2ED58B66A390}.Debug|Any CPU.ActiveCfg = Debug|Any CPU
		{19EC4260-EFD8-4EB9-A721-2ED58B66A390}.Debug|Any CPU.Build.0 = Debug|Any CPU
		{19EC4260-EFD8-4EB9-A721-2ED58B66A390}.Release|Any CPU.ActiveCfg = Release|Any CPU
		{19EC4260-EFD8-4EB9-A721-2ED58B66A390}.Release|Any CPU.Build.0 = Release|Any CPU
		{5B648DE6-3C82-492D-9217-10F543F364C7}.Debug|Any CPU.ActiveCfg = Debug|Any CPU
		{5B648DE6-3C82-492D-9217-10F543F364C7}.Debug|Any CPU.Build.0 = Debug|Any CPU
		{5B648DE6-3C82-492D-9217-10F543F364C7}.Release|Any CPU.ActiveCfg = Release|Any CPU
		{5B648DE6-3C82-492D-9217-10F543F364C7}.Release|Any CPU.Build.0 = Release|Any CPU
		{5DF41B9E-CFDB-442C-9A84-091F66A0F3DD}.Debug|Any CPU.ActiveCfg = Debug|Any CPU
		{5DF41B9E-CFDB-442C-9A84-091F66A0F3DD}.Debug|Any CPU.Build.0 = Debug|Any CPU
		{5DF41B9E-CFDB-442C-9A84-091F66A0F3DD}.Release|Any CPU.ActiveCfg = Release|Any CPU
		{5DF41B9E-CFDB-442C-9A84-091F66A0F3DD}.Release|Any CPU.Build.0 = Release|Any CPU
		{D963FF3E-A2FD-447D-B823-D6309BFA2AAC}.Debug|Any CPU.ActiveCfg = Debug|Any CPU
		{D963FF3E-A2FD-447D-B823-D6309BFA2AAC}.Debug|Any CPU.Build.0 = Debug|Any CPU
		{D963FF3E-A2FD-447D-B823-D6309BFA2AAC}.Release|Any CPU.ActiveCfg = Release|Any CPU
		{D963FF3E-A2FD-447D-B823-D6309BFA2AAC}.Release|Any CPU.Build.0 = Release|Any CPU
		{5C942C30-71AA-4F69-9571-2266E62C77A3}.Debug|Any CPU.ActiveCfg = Debug|Any CPU
		{5C942C30-71AA-4F69-9571-2266E62C77A3}.Debug|Any CPU.Build.0 = Debug|Any CPU
		{5C942C30-71AA-4F69-9571-2266E62C77A3}.Release|Any CPU.ActiveCfg = Release|Any CPU
		{5C942C30-71AA-4F69-9571-2266E62C77A3}.Release|Any CPU.Build.0 = Release|Any CPU
		{3A37D1F4-C2F8-4C23-A271-0ED04B2B9B0A}.Debug|Any CPU.ActiveCfg = Debug|Any CPU
		{3A37D1F4-C2F8-4C23-A271-0ED04B2B9B0A}.Debug|Any CPU.Build.0 = Debug|Any CPU
		{3A37D1F4-C2F8-4C23-A271-0ED04B2B9B0A}.Release|Any CPU.ActiveCfg = Release|Any CPU
		{3A37D1F4-C2F8-4C23-A271-0ED04B2B9B0A}.Release|Any CPU.Build.0 = Release|Any CPU
		{44735765-B819-47AF-BC83-52A6D35D54C1}.Debug|Any CPU.ActiveCfg = Debug|Any CPU
		{44735765-B819-47AF-BC83-52A6D35D54C1}.Debug|Any CPU.Build.0 = Debug|Any CPU
		{44735765-B819-47AF-BC83-52A6D35D54C1}.Release|Any CPU.ActiveCfg = Release|Any CPU
		{44735765-B819-47AF-BC83-52A6D35D54C1}.Release|Any CPU.Build.0 = Release|Any CPU
		{E12A4866-71EA-48B5-A939-0C643FB9FC23}.Debug|Any CPU.ActiveCfg = Debug|Any CPU
		{E12A4866-71EA-48B5-A939-0C643FB9FC23}.Debug|Any CPU.Build.0 = Debug|Any CPU
		{E12A4866-71EA-48B5-A939-0C643FB9FC23}.Release|Any CPU.ActiveCfg = Release|Any CPU
		{E12A4866-71EA-48B5-A939-0C643FB9FC23}.Release|Any CPU.Build.0 = Release|Any CPU
		{FAF0DD02-BFB2-4208-AC24-7E27A4C78143}.Debug|Any CPU.ActiveCfg = Debug|Any CPU
		{FAF0DD02-BFB2-4208-AC24-7E27A4C78143}.Debug|Any CPU.Build.0 = Debug|Any CPU
		{FAF0DD02-BFB2-4208-AC24-7E27A4C78143}.Release|Any CPU.ActiveCfg = Release|Any CPU
		{FAF0DD02-BFB2-4208-AC24-7E27A4C78143}.Release|Any CPU.Build.0 = Release|Any CPU
		{F7FD5CF0-7A11-4DC6-BAA5-CE2B4096EE90}.Debug|Any CPU.ActiveCfg = Debug|Any CPU
		{F7FD5CF0-7A11-4DC6-BAA5-CE2B4096EE90}.Debug|Any CPU.Build.0 = Debug|Any CPU
		{F7FD5CF0-7A11-4DC6-BAA5-CE2B4096EE90}.Release|Any CPU.ActiveCfg = Release|Any CPU
		{F7FD5CF0-7A11-4DC6-BAA5-CE2B4096EE90}.Release|Any CPU.Build.0 = Release|Any CPU
		{92369C68-D03C-41D7-B1E0-42258E5C9578}.Debug|Any CPU.ActiveCfg = Debug|Any CPU
		{92369C68-D03C-41D7-B1E0-42258E5C9578}.Debug|Any CPU.Build.0 = Debug|Any CPU
		{92369C68-D03C-41D7-B1E0-42258E5C9578}.Release|Any CPU.ActiveCfg = Release|Any CPU
		{92369C68-D03C-41D7-B1E0-42258E5C9578}.Release|Any CPU.Build.0 = Release|Any CPU
	EndGlobalSection
	GlobalSection(NestedProjects) = preSolution
		{1DC5412B-8F3B-417E-A94B-455CF81B918A} = {B6E50B67-33BE-4DD4-8850-50E3505E7EFA}
		{33B8ED05-BBDE-4AB1-909F-67C4D414C6E1} = {B6E50B67-33BE-4DD4-8850-50E3505E7EFA}
		{7ECCF5F5-920E-428A-A60D-1B7DD8EC5766} = {B6E50B67-33BE-4DD4-8850-50E3505E7EFA}
		{E8A37417-2A6F-445E-A783-9CC4EE99774F} = {C39F7509-600B-4EB4-BDA6-C661A46633AE}
		{048E85A2-51BC-4B36-A558-BE7C84E2C525} = {E8A37417-2A6F-445E-A783-9CC4EE99774F}
		{AEDFCA7F-46DB-484A-BB4A-6A81EB15E711} = {E8A37417-2A6F-445E-A783-9CC4EE99774F}
		{32BE735D-5488-4808-AB36-B002F541213B} = {E8A37417-2A6F-445E-A783-9CC4EE99774F}
		{A3A3E920-7381-45EA-AD92-AD948D2509A3} = {E8A37417-2A6F-445E-A783-9CC4EE99774F}
		{B5281BE4-21C9-42D2-81EE-10F304001DDD} = {C39F7509-600B-4EB4-BDA6-C661A46633AE}
		{42E3A1B3-4BC3-4F02-8D07-B969E04AB072} = {B5281BE4-21C9-42D2-81EE-10F304001DDD}
		{08EEA4F5-10CA-49A4-BD42-F74498012C01} = {B5281BE4-21C9-42D2-81EE-10F304001DDD}
		{65726549-B680-4406-8DE9-99C808B4641D} = {B5281BE4-21C9-42D2-81EE-10F304001DDD}
		{5E9F3A07-02D1-481F-8BAD-FF52E014D651} = {B5281BE4-21C9-42D2-81EE-10F304001DDD}
		{4E6C1A1F-0837-41B4-A02B-C0C40A6D1024} = {C39F7509-600B-4EB4-BDA6-C661A46633AE}
		{BBB54C9A-4A25-4C85-8135-0B76E0FAEE14} = {4E6C1A1F-0837-41B4-A02B-C0C40A6D1024}
		{065623E2-C2A3-476C-9555-E5EB7935E202} = {4E6C1A1F-0837-41B4-A02B-C0C40A6D1024}
		{926A9452-2BA8-416C-B67D-19141CB24632} = {4E6C1A1F-0837-41B4-A02B-C0C40A6D1024}
		{0A84D080-1821-45ED-AAF8-66AF1AB66AC2} = {4E6C1A1F-0837-41B4-A02B-C0C40A6D1024}
		{64C47930-7854-41FD-BEC3-BE0143C24327} = {C39F7509-600B-4EB4-BDA6-C661A46633AE}
		{E2C577F8-1A3C-43AF-A070-86ACC84EF78E} = {64C47930-7854-41FD-BEC3-BE0143C24327}
		{986686BB-AE56-4485-A5E3-65ED82490C22} = {64C47930-7854-41FD-BEC3-BE0143C24327}
		{1B1CFAC0-3E78-4F8A-B27D-F0245E2C6521} = {64C47930-7854-41FD-BEC3-BE0143C24327}
		{81A80005-16FA-4D86-A847-076FDB9665DC} = {64C47930-7854-41FD-BEC3-BE0143C24327}
		{35EB7BB7-EF01-4AD6-8255-0D46BDE65FE6} = {C39F7509-600B-4EB4-BDA6-C661A46633AE}
		{F256AA11-CAC1-4181-B91E-B7DA0B1113C1} = {35EB7BB7-EF01-4AD6-8255-0D46BDE65FE6}
		{C0945E9A-E797-48C2-B999-85E412DE86C1} = {35EB7BB7-EF01-4AD6-8255-0D46BDE65FE6}
		{5BF69C92-32C9-4528-AFD4-7AB12D533948} = {35EB7BB7-EF01-4AD6-8255-0D46BDE65FE6}
		{F50C4D0A-FC26-477C-A13F-7D2BB13E98F7} = {35EB7BB7-EF01-4AD6-8255-0D46BDE65FE6}
		{B51FEF24-3611-4D20-93FC-31D65783C46B} = {C39F7509-600B-4EB4-BDA6-C661A46633AE}
		{50B795E3-7E0F-4314-9A4B-C2878BE9845E} = {B51FEF24-3611-4D20-93FC-31D65783C46B}
		{988EDF9A-CD42-4F22-9018-1E2FC8FFE7D2} = {B51FEF24-3611-4D20-93FC-31D65783C46B}
		{EA65552B-FF78-4632-A450-78452BD88F82} = {B51FEF24-3611-4D20-93FC-31D65783C46B}
		{F39BF4F2-0A31-4C20-90B8-AC6EE8A32B9C} = {B51FEF24-3611-4D20-93FC-31D65783C46B}
		{5E4CCE53-663B-4659-8D59-B625E00D9284} = {C39F7509-600B-4EB4-BDA6-C661A46633AE}
		{68FA086A-B8B7-4033-8A56-4BAC1176C57B} = {5E4CCE53-663B-4659-8D59-B625E00D9284}
		{737EC10D-FC4E-4B0C-8A3D-D902084857B6} = {5E4CCE53-663B-4659-8D59-B625E00D9284}
		{A31D664C-C7DC-417C-B84B-BE843EC03FAE} = {5E4CCE53-663B-4659-8D59-B625E00D9284}
		{91045424-DB85-47C9-89FA-FD233DD0FC9F} = {5E4CCE53-663B-4659-8D59-B625E00D9284}
		{5D98A0E2-6D93-47BB-AF9F-477FC124C8D3} = {C39F7509-600B-4EB4-BDA6-C661A46633AE}
		{9CCB6228-BB97-4B26-A576-FF3897E2087C} = {5D98A0E2-6D93-47BB-AF9F-477FC124C8D3}
		{D7FAE2ED-5C83-4C5F-A5E8-FC817F873285} = {5D98A0E2-6D93-47BB-AF9F-477FC124C8D3}
		{48568E13-0E9D-44E8-982B-71D44B0B4449} = {5D98A0E2-6D93-47BB-AF9F-477FC124C8D3}
		{ACFA2447-5B55-464E-B5A1-F1CA51807C44} = {5D98A0E2-6D93-47BB-AF9F-477FC124C8D3}
		{A95D47B8-5155-400D-A062-F7E21D4941AC} = {C39F7509-600B-4EB4-BDA6-C661A46633AE}
		{C2A05A12-BE3E-4A21-B7BA-FDB0912EA323} = {A95D47B8-5155-400D-A062-F7E21D4941AC}
		{2A8A42AD-58E7-4D5E-B6C1-5246E24C2E5C} = {A95D47B8-5155-400D-A062-F7E21D4941AC}
		{B78F98F1-47F4-4A56-BBFB-90B6A0EAFB4E} = {A95D47B8-5155-400D-A062-F7E21D4941AC}
		{F9984917-613C-4F02-9F0A-AC106E5B901F} = {A95D47B8-5155-400D-A062-F7E21D4941AC}
		{B12F58F1-4547-43B1-B6CF-C1280FD8A272} = {C39F7509-600B-4EB4-BDA6-C661A46633AE}
		{8DECCAEB-B24F-40BC-B07F-A92B9DB1AB4A} = {B12F58F1-4547-43B1-B6CF-C1280FD8A272}
		{19EC4260-EFD8-4EB9-A721-2ED58B66A390} = {B12F58F1-4547-43B1-B6CF-C1280FD8A272}
		{5B648DE6-3C82-492D-9217-10F543F364C7} = {B12F58F1-4547-43B1-B6CF-C1280FD8A272}
		{5DF41B9E-CFDB-442C-9A84-091F66A0F3DD} = {B12F58F1-4547-43B1-B6CF-C1280FD8A272}
		{D76849AA-4533-4451-81E9-31D738D9822F} = {C39F7509-600B-4EB4-BDA6-C661A46633AE}
		{D963FF3E-A2FD-447D-B823-D6309BFA2AAC} = {D76849AA-4533-4451-81E9-31D738D9822F}
		{5C942C30-71AA-4F69-9571-2266E62C77A3} = {D76849AA-4533-4451-81E9-31D738D9822F}
		{3A37D1F4-C2F8-4C23-A271-0ED04B2B9B0A} = {D76849AA-4533-4451-81E9-31D738D9822F}
		{44735765-B819-47AF-BC83-52A6D35D54C1} = {D76849AA-4533-4451-81E9-31D738D9822F}
		{EC3FFBBD-E08C-4A2F-AEA1-C3672881DF46} = {C39F7509-600B-4EB4-BDA6-C661A46633AE}
		{E12A4866-71EA-48B5-A939-0C643FB9FC23} = {EC3FFBBD-E08C-4A2F-AEA1-C3672881DF46}
		{FAF0DD02-BFB2-4208-AC24-7E27A4C78143} = {EC3FFBBD-E08C-4A2F-AEA1-C3672881DF46}
		{F7FD5CF0-7A11-4DC6-BAA5-CE2B4096EE90} = {EC3FFBBD-E08C-4A2F-AEA1-C3672881DF46}
		{92369C68-D03C-41D7-B1E0-42258E5C9578} = {EC3FFBBD-E08C-4A2F-AEA1-C3672881DF46}
	EndGlobalSection
EndGlobal
